// !$*UTF8*$!
{
	archiveVersion = 1;
	classes = {
	};
	objectVersion = 56;
	objects = {

/* Begin PBXBuildFile section */
		AD2C1FC52AFD4A5A00200963 /* ImageModel.swift in Sources */ = {isa = PBXBuildFile; fileRef = AD2C1FC42AFD4A5A00200963 /* ImageModel.swift */; };
		ADBF6E132AFB27F6000D07BB /* AppDelegate.swift in Sources */ = {isa = PBXBuildFile; fileRef = ADBF6E122AFB27F6000D07BB /* AppDelegate.swift */; };
		ADBF6E152AFB27F6000D07BB /* SceneDelegate.swift in Sources */ = {isa = PBXBuildFile; fileRef = ADBF6E142AFB27F6000D07BB /* SceneDelegate.swift */; };
		ADBF6E172AFB27F6000D07BB /* ViewController.swift in Sources */ = {isa = PBXBuildFile; fileRef = ADBF6E162AFB27F6000D07BB /* ViewController.swift */; };
		ADBF6E1A2AFB27F6000D07BB /* Main.storyboard in Resources */ = {isa = PBXBuildFile; fileRef = ADBF6E182AFB27F6000D07BB /* Main.storyboard */; };
		ADBF6E1C2AFB27F7000D07BB /* Assets.xcassets in Resources */ = {isa = PBXBuildFile; fileRef = ADBF6E1B2AFB27F7000D07BB /* Assets.xcassets */; };
		ADBF6E1F2AFB27F7000D07BB /* LaunchScreen.storyboard in Resources */ = {isa = PBXBuildFile; fileRef = ADBF6E1D2AFB27F7000D07BB /* LaunchScreen.storyboard */; };
		ADBF6E272AFB2CFF000D07BB /* AddImageViewController.swift in Sources */ = {isa = PBXBuildFile; fileRef = ADBF6E262AFB2CFF000D07BB /* AddImageViewController.swift */; };
/* End PBXBuildFile section */

/* Begin PBXFileReference section */
		AD2C1FC42AFD4A5A00200963 /* ImageModel.swift */ = {isa = PBXFileReference; lastKnownFileType = sourcecode.swift; path = ImageModel.swift; sourceTree = "<group>"; };
		ADBF6E0F2AFB27F6000D07BB /* Image Viewer.app */ = {isa = PBXFileReference; explicitFileType = wrapper.application; includeInIndex = 0; path = "Image Viewer.app"; sourceTree = BUILT_PRODUCTS_DIR; };
		ADBF6E122AFB27F6000D07BB /* AppDelegate.swift */ = {isa = PBXFileReference; lastKnownFileType = sourcecode.swift; path = AppDelegate.swift; sourceTree = "<group>"; };
		ADBF6E142AFB27F6000D07BB /* SceneDelegate.swift */ = {isa = PBXFileReference; lastKnownFileType = sourcecode.swift; path = SceneDelegate.swift; sourceTree = "<group>"; };
		ADBF6E162AFB27F6000D07BB /* ViewController.swift */ = {isa = PBXFileReference; lastKnownFileType = sourcecode.swift; path = ViewController.swift; sourceTree = "<group>"; };
		ADBF6E192AFB27F6000D07BB /* Base */ = {isa = PBXFileReference; lastKnownFileType = file.storyboard; name = Base; path = Base.lproj/Main.storyboard; sourceTree = "<group>"; };
		ADBF6E1B2AFB27F7000D07BB /* Assets.xcassets */ = {isa = PBXFileReference; lastKnownFileType = folder.assetcatalog; path = Assets.xcassets; sourceTree = "<group>"; };
		ADBF6E1E2AFB27F7000D07BB /* Base */ = {isa = PBXFileReference; lastKnownFileType = file.storyboard; name = Base; path = Base.lproj/LaunchScreen.storyboard; sourceTree = "<group>"; };
		ADBF6E202AFB27F7000D07BB /* Info.plist */ = {isa = PBXFileReference; lastKnownFileType = text.plist.xml; path = Info.plist; sourceTree = "<group>"; };
		ADBF6E262AFB2CFF000D07BB /* AddImageViewController.swift */ = {isa = PBXFileReference; lastKnownFileType = sourcecode.swift; path = AddImageViewController.swift; sourceTree = "<group>"; };
/* End PBXFileReference section */

/* Begin PBXFrameworksBuildPhase section */
		ADBF6E0C2AFB27F6000D07BB /* Frameworks */ = {
			isa = PBXFrameworksBuildPhase;
			buildActionMask = 2147483647;
			files = (
			);
			runOnlyForDeploymentPostprocessing = 0;
		};
/* End PBXFrameworksBuildPhase section */

/* Begin PBXGroup section */
		ADBF6E062AFB27F6000D07BB = {
			isa = PBXGroup;
			children = (
				ADBF6E112AFB27F6000D07BB /* Image Viewer */,
				ADBF6E102AFB27F6000D07BB /* Products */,
			);
			sourceTree = "<group>";
		};
		ADBF6E102AFB27F6000D07BB /* Products */ = {
			isa = PBXGroup;
			children = (
				ADBF6E0F2AFB27F6000D07BB /* Image Viewer.app */,
			);
			name = Products;
			sourceTree = "<group>";
		};
		ADBF6E112AFB27F6000D07BB /* Image Viewer */ = {
			isa = PBXGroup;
			children = (
				ADBF6E262AFB2CFF000D07BB /* AddImageViewController.swift */,
				ADBF6E122AFB27F6000D07BB /* AppDelegate.swift */,
				ADBF6E142AFB27F6000D07BB /* SceneDelegate.swift */,
				ADBF6E162AFB27F6000D07BB /* ViewController.swift */,
				ADBF6E182AFB27F6000D07BB /* Main.storyboard */,
				ADBF6E1B2AFB27F7000D07BB /* Assets.xcassets */,
				ADBF6E1D2AFB27F7000D07BB /* LaunchScreen.storyboard */,
				ADBF6E202AFB27F7000D07BB /* Info.plist */,
				AD2C1FC42AFD4A5A00200963 /* ImageModel.swift */,
			);
			path = "Image Viewer";
			sourceTree = "<group>";
		};
/* End PBXGroup section */

/* Begin PBXNativeTarget section */
		ADBF6E0E2AFB27F6000D07BB /* Image Viewer */ = {
			isa = PBXNativeTarget;
			buildConfigurationList = ADBF6E232AFB27F7000D07BB /* Build configuration list for PBXNativeTarget "Image Viewer" */;
			buildPhases = (
				ADBF6E0B2AFB27F6000D07BB /* Sources */,
				ADBF6E0C2AFB27F6000D07BB /* Frameworks */,
				ADBF6E0D2AFB27F6000D07BB /* Resources */,
			);
			buildRules = (
			);
			dependencies = (
			);
			name = "Image Viewer";
			productName = "Image Viewer";
			productReference = ADBF6E0F2AFB27F6000D07BB /* Image Viewer.app */;
			productType = "com.apple.product-type.application";
		};
/* End PBXNativeTarget section */

/* Begin PBXProject section */
		ADBF6E072AFB27F6000D07BB /* Project object */ = {
			isa = PBXProject;
			attributes = {
				BuildIndependentTargetsInParallel = 1;
				LastSwiftUpdateCheck = 1430;
				LastUpgradeCheck = 1430;
				TargetAttributes = {
					ADBF6E0E2AFB27F6000D07BB = {
						CreatedOnToolsVersion = 14.3.1;
					};
				};
			};
			buildConfigurationList = ADBF6E0A2AFB27F6000D07BB /* Build configuration list for PBXProject "Image Viewer" */;
			compatibilityVersion = "Xcode 14.0";
			developmentRegion = en;
			hasScannedForEncodings = 0;
			knownRegions = (
				en,
				Base,
			);
			mainGroup = ADBF6E062AFB27F6000D07BB;
			productRefGroup = ADBF6E102AFB27F6000D07BB /* Products */;
			projectDirPath = "";
			projectRoot = "";
			targets = (
				ADBF6E0E2AFB27F6000D07BB /* Image Viewer */,
			);
		};
/* End PBXProject section */

/* Begin PBXResourcesBuildPhase section */
		ADBF6E0D2AFB27F6000D07BB /* Resources */ = {
			isa = PBXResourcesBuildPhase;
			buildActionMask = 2147483647;
			files = (
				ADBF6E1F2AFB27F7000D07BB /* LaunchScreen.storyboard in Resources */,
				ADBF6E1C2AFB27F7000D07BB /* Assets.xcassets in Resources */,
				ADBF6E1A2AFB27F6000D07BB /* Main.storyboard in Resources */,
			);
			runOnlyForDeploymentPostprocessing = 0;
		};
/* End PBXResourcesBuildPhase section */

/* Begin PBXSourcesBuildPhase section */
		ADBF6E0B2AFB27F6000D07BB /* Sources */ = {
			isa = PBXSourcesBuildPhase;
			buildActionMask = 2147483647;
			files = (
				ADBF6E172AFB27F6000D07BB /* ViewController.swift in Sources */,
				AD2C1FC52AFD4A5A00200963 /* ImageModel.swift in Sources */,
				ADBF6E132AFB27F6000D07BB /* AppDelegate.swift in Sources */,
				ADBF6E272AFB2CFF000D07BB /* AddImageViewController.swift in Sources */,
				ADBF6E152AFB27F6000D07BB /* SceneDelegate.swift in Sources */,
			);
			runOnlyForDeploymentPostprocessing = 0;
		};
/* End PBXSourcesBuildPhase section */

/* Begin PBXVariantGroup section */
		ADBF6E182AFB27F6000D07BB /* Main.storyboard */ = {
			isa = PBXVariantGroup;
			children = (
				ADBF6E192AFB27F6000D07BB /* Base */,
			);
			name = Main.storyboard;
			sourceTree = "<group>";
		};
		ADBF6E1D2AFB27F7000D07BB /* LaunchScreen.storyboard */ = {
			isa = PBXVariantGroup;
			children = (
				ADBF6E1E2AFB27F7000D07BB /* Base */,
			);
			name = LaunchScreen.storyboard;
			sourceTree = "<group>";
		};
/* End PBXVariantGroup section */

/* Begin XCBuildConfiguration section */
		ADBF6E212AFB27F7000D07BB /* Debug */ = {
			isa = XCBuildConfiguration;
			buildSettings = {
				ALWAYS_SEARCH_USER_PATHS = NO;
				CLANG_ANALYZER_NONNULL = YES;
				CLANG_ANALYZER_NUMBER_OBJECT_CONVERSION = YES_AGGRESSIVE;
				CLANG_CXX_LANGUAGE_STANDARD = "gnu++20";
				CLANG_ENABLE_MODULES = YES;
				CLANG_ENABLE_OBJC_ARC = YES;
				CLANG_ENABLE_OBJC_WEAK = YES;
				CLANG_WARN_BLOCK_CAPTURE_AUTORELEASING = YES;
				CLANG_WARN_BOOL_CONVERSION = YES;
				CLANG_WARN_COMMA = YES;
				CLANG_WARN_CONSTANT_CONVERSION = YES;
				CLANG_WARN_DEPRECATED_OBJC_IMPLEMENTATIONS = YES;
				CLANG_WARN_DIRECT_OBJC_ISA_USAGE = YES_ERROR;
				CLANG_WARN_DOCUMENTATION_COMMENTS = YES;
				CLANG_WARN_EMPTY_BODY = YES;
				CLANG_WARN_ENUM_CONVERSION = YES;
				CLANG_WARN_INFINITE_RECURSION = YES;
				CLANG_WARN_INT_CONVERSION = YES;
				CLANG_WARN_NON_LITERAL_NULL_CONVERSION = YES;
				CLANG_WARN_OBJC_IMPLICIT_RETAIN_SELF = YES;
				CLANG_WARN_OBJC_LITERAL_CONVERSION = YES;
				CLANG_WARN_OBJC_ROOT_CLASS = YES_ERROR;
				CLANG_WARN_QUOTED_INCLUDE_IN_FRAMEWORK_HEADER = YES;
				CLANG_WARN_RANGE_LOOP_ANALYSIS = YES;
				CLANG_WARN_STRICT_PROTOTYPES = YES;
				CLANG_WARN_SUSPICIOUS_MOVE = YES;
				CLANG_WARN_UNGUARDED_AVAILABILITY = YES_AGGRESSIVE;
				CLANG_WARN_UNREACHABLE_CODE = YES;
				CLANG_WARN__DUPLICATE_METHOD_MATCH = YES;
				COPY_PHASE_STRIP = NO;
				DEBUG_INFORMATION_FORMAT = dwarf;
				ENABLE_STRICT_OBJC_MSGSEND = YES;
				ENABLE_TESTABILITY = YES;
				GCC_C_LANGUAGE_STANDARD = gnu11;
				GCC_DYNAMIC_NO_PIC = NO;
				GCC_NO_COMMON_BLOCKS = YES;
				GCC_OPTIMIZATION_LEVEL = 0;
				GCC_PREPROCESSOR_DEFINITIONS = (
					"DEBUG=1",
					"$(inherited)",
				);
				GCC_WARN_64_TO_32_BIT_CONVERSION = YES;
				GCC_WARN_ABOUT_RETURN_TYPE = YES_ERROR;
				GCC_WARN_UNDECLARED_SELECTOR = YES;
				GCC_WARN_UNINITIALIZED_AUTOS = YES_AGGRESSIVE;
				GCC_WARN_UNUSED_FUNCTION = YES;
				GCC_WARN_UNUSED_VARIABLE = YES;
				IPHONEOS_DEPLOYMENT_TARGET = 16.4;
				MTL_ENABLE_DEBUG_INFO = INCLUDE_SOURCE;
				MTL_FAST_MATH = YES;
				ONLY_ACTIVE_ARCH = YES;
				SDKROOT = iphoneos;
				SWIFT_ACTIVE_COMPILATION_CONDITIONS = DEBUG;
				SWIFT_OPTIMIZATION_LEVEL = "-Onone";
			};
			name = Debug;
		};
		ADBF6E222AFB27F7000D07BB /* Release */ = {
			isa = XCBuildConfiguration;
			buildSettings = {
				ALWAYS_SEARCH_USER_PATHS = NO;
				CLANG_ANALYZER_NONNULL = YES;
				CLANG_ANALYZER_NUMBER_OBJECT_CONVERSION = YES_AGGRESSIVE;
				CLANG_CXX_LANGUAGE_STANDARD = "gnu++20";
				CLANG_ENABLE_MODULES = YES;
				CLANG_ENABLE_OBJC_ARC = YES;
				CLANG_ENABLE_OBJC_WEAK = YES;
				CLANG_WARN_BLOCK_CAPTURE_AUTORELEASING = YES;
				CLANG_WARN_BOOL_CONVERSION = YES;
				CLANG_WARN_COMMA = YES;
				CLANG_WARN_CONSTANT_CONVERSION = YES;
				CLANG_WARN_DEPRECATED_OBJC_IMPLEMENTATIONS = YES;
				CLANG_WARN_DIRECT_OBJC_ISA_USAGE = YES_ERROR;
				CLANG_WARN_DOCUMENTATION_COMMENTS = YES;
				CLANG_WARN_EMPTY_BODY = YES;
				CLANG_WARN_ENUM_CONVERSION = YES;
				CLANG_WARN_INFINITE_RECURSION = YES;
				CLANG_WARN_INT_CONVERSION = YES;
				CLANG_WARN_NON_LITERAL_NULL_CONVERSION = YES;
				CLANG_WARN_OBJC_IMPLICIT_RETAIN_SELF = YES;
				CLANG_WARN_OBJC_LITERAL_CONVERSION = YES;
				CLANG_WARN_OBJC_ROOT_CLASS = YES_ERROR;
				CLANG_WARN_QUOTED_INCLUDE_IN_FRAMEWORK_HEADER = YES;
				CLANG_WARN_RANGE_LOOP_ANALYSIS = YES;
				CLANG_WARN_STRICT_PROTOTYPES = YES;
				CLANG_WARN_SUSPICIOUS_MOVE = YES;
				CLANG_WARN_UNGUARDED_AVAILABILITY = YES_AGGRESSIVE;
				CLANG_WARN_UNREACHABLE_CODE = YES;
				CLANG_WARN__DUPLICATE_METHOD_MATCH = YES;
				COPY_PHASE_STRIP = NO;
				DEBUG_INFORMATION_FORMAT = "dwarf-with-dsym";
				ENABLE_NS_ASSERTIONS = NO;
				ENABLE_STRICT_OBJC_MSGSEND = YES;
				GCC_C_LANGUAGE_STANDARD = gnu11;
				GCC_NO_COMMON_BLOCKS = YES;
				GCC_WARN_64_TO_32_BIT_CONVERSION = YES;
				GCC_WARN_ABOUT_RETURN_TYPE = YES_ERROR;
				GCC_WARN_UNDECLARED_SELECTOR = YES;
				GCC_WARN_UNINITIALIZED_AUTOS = YES_AGGRESSIVE;
				GCC_WARN_UNUSED_FUNCTION = YES;
				GCC_WARN_UNUSED_VARIABLE = YES;
				IPHONEOS_DEPLOYMENT_TARGET = 16.4;
				MTL_ENABLE_DEBUG_INFO = NO;
				MTL_FAST_MATH = YES;
				SDKROOT = iphoneos;
				SWIFT_COMPILATION_MODE = wholemodule;
				SWIFT_OPTIMIZATION_LEVEL = "-O";
				VALIDATE_PRODUCT = YES;
			};
			name = Release;
		};
		ADBF6E242AFB27F7000D07BB /* Debug */ = {
			isa = XCBuildConfiguration;
			buildSettings = {
				ASSETCATALOG_COMPILER_APPICON_NAME = AppIcon;
				ASSETCATALOG_COMPILER_GLOBAL_ACCENT_COLOR_NAME = AccentColor;
				CODE_SIGN_STYLE = Automatic;
				CURRENT_PROJECT_VERSION = 1;
				GENERATE_INFOPLIST_FILE = YES;
				INFOPLIST_FILE = "Image Viewer/Info.plist";
				INFOPLIST_KEY_UIApplicationSupportsIndirectInputEvents = YES;
				INFOPLIST_KEY_UILaunchStoryboardName = LaunchScreen;
				INFOPLIST_KEY_UIMainStoryboardFile = Main;
				INFOPLIST_KEY_UISupportedInterfaceOrientations_iPad = "UIInterfaceOrientationPortrait UIInterfaceOrientationPortraitUpsideDown UIInterfaceOrientationLandscapeLeft UIInterfaceOrientationLandscapeRight";
				INFOPLIST_KEY_UISupportedInterfaceOrientations_iPhone = "UIInterfaceOrientationPortrait UIInterfaceOrientationLandscapeLeft UIInterfaceOrientationLandscapeRight";
				LD_RUNPATH_SEARCH_PATHS = (
					"$(inherited)",
					"@executable_path/Frameworks",
				);
				MARKETING_VERSION = 1.0;
				PRODUCT_BUNDLE_IDENTIFIER = "com.jaydoshi2010.Image-Viewer";
				PRODUCT_NAME = "$(TARGET_NAME)";
				SWIFT_EMIT_LOC_STRINGS = YES;
				SWIFT_VERSION = 5.0;
				TARGETED_DEVICE_FAMILY = "1,2";
			};
			name = Debug;
		};
		ADBF6E252AFB27F7000D07BB /* Release */ = {
			isa = XCBuildConfiguration;
			buildSettings = {
				ASSETCATALOG_COMPILER_APPICON_NAME = AppIcon;
				ASSETCATALOG_COMPILER_GLOBAL_ACCENT_COLOR_NAME = AccentColor;
				CODE_SIGN_STYLE = Automatic;
				CURRENT_PROJECT_VERSION = 1;
				GENERATE_INFOPLIST_FILE = YES;
				INFOPLIST_FILE = "Image Viewer/Info.plist";
				INFOPLIST_KEY_UIApplicationSupportsIndirectInputEvents = YES;
				INFOPLIST_KEY_UILaunchStoryboardName = LaunchScreen;
				INFOPLIST_KEY_UIMainStoryboardFile = Main;
				INFOPLIST_KEY_UISupportedInterfaceOrientations_iPad = "UIInterfaceOrientationPortrait UIInterfaceOrientationPortraitUpsideDown UIInterfaceOrientationLandscapeLeft UIInterfaceOrientationLandscapeRight";
				INFOPLIST_KEY_UISupportedInterfaceOrientations_iPhone = "UIInterfaceOrientationPortrait UIInterfaceOrientationLandscapeLeft UIInterfaceOrientationLandscapeRight";
				LD_RUNPATH_SEARCH_PATHS = (
					"$(inherited)",
					"@executable_path/Frameworks",
				);
				MARKETING_VERSION = 1.0;
				PRODUCT_BUNDLE_IDENTIFIER = "com.jaydoshi2010.Image-Viewer";
				PRODUCT_NAME = "$(TARGET_NAME)";
				SWIFT_EMIT_LOC_STRINGS = YES;
				SWIFT_VERSION = 5.0;
				TARGETED_DEVICE_FAMILY = "1,2";
			};
			name = Release;
		};
/* End XCBuildConfiguration section */

/* Begin XCConfigurationList section */
		ADBF6E0A2AFB27F6000D07BB /* Build configuration list for PBXProject "Image Viewer" */ = {
			isa = XCConfigurationList;
			buildConfigurations = (
				ADBF6E212AFB27F7000D07BB /* Debug */,
				ADBF6E222AFB27F7000D07BB /* Release */,
			);
			defaultConfigurationIsVisible = 0;
			defaultConfigurationName = Release;
		};
		ADBF6E232AFB27F7000D07BB /* Build configuration list for PBXNativeTarget "Image Viewer" */ = {
			isa = XCConfigurationList;
			buildConfigurations = (
				ADBF6E242AFB27F7000D07BB /* Debug */,
				ADBF6E252AFB27F7000D07BB /* Release */,
			);
			defaultConfigurationIsVisible = 0;
			defaultConfigurationName = Release;
		};
/* End XCConfigurationList section */
	};
	rootObject = ADBF6E072AFB27F6000D07BB /* Project object */;
}
